// !$*UTF8*$!
{
	archiveVersion = 1;
	classes = {
	};
	objectVersion = 46;
	objects = {

/* Begin PBXBuildFile section */
		E61150E01AD4D43A007DB08B /* AppDelegate.swift in Sources */ = {isa = PBXBuildFile; fileRef = E61150DF1AD4D43A007DB08B /* AppDelegate.swift */; };
		E61150E21AD4D43A007DB08B /* ViewController.swift in Sources */ = {isa = PBXBuildFile; fileRef = E61150E11AD4D43A007DB08B /* ViewController.swift */; };
		E61150E51AD4D43B007DB08B /* Main.storyboard in Resources */ = {isa = PBXBuildFile; fileRef = E61150E31AD4D43B007DB08B /* Main.storyboard */; };
		E61150E71AD4D43B007DB08B /* Images.xcassets in Resources */ = {isa = PBXBuildFile; fileRef = E61150E61AD4D43B007DB08B /* Images.xcassets */; };
		E61150EA1AD4D43B007DB08B /* LaunchScreen.xib in Resources */ = {isa = PBXBuildFile; fileRef = E61150E81AD4D43B007DB08B /* LaunchScreen.xib */; };
		E61150F61AD4D43B007DB08B /* CalorieCountingAppTests.swift in Sources */ = {isa = PBXBuildFile; fileRef = E61150F51AD4D43B007DB08B /* CalorieCountingAppTests.swift */; };
/* End PBXBuildFile section */

/* Begin PBXContainerItemProxy section */
		E61150F01AD4D43B007DB08B /* PBXContainerItemProxy */ = {
			isa = PBXContainerItemProxy;
			containerPortal = E61150D21AD4D43A007DB08B /* Project object */;
			proxyType = 1;
			remoteGlobalIDString = E61150D91AD4D43A007DB08B;
			remoteInfo = CalorieCountingApp;
		};
/* End PBXContainerItemProxy section */

/* Begin PBXFileReference section */
		E61150DA1AD4D43A007DB08B /* CalorieCountingApp.app */ = {isa = PBXFileReference; explicitFileType = wrapper.application; includeInIndex = 0; path = CalorieCountingApp.app; sourceTree = BUILT_PRODUCTS_DIR; };
		E61150DE1AD4D43A007DB08B /* Info.plist */ = {isa = PBXFileReference; lastKnownFileType = text.plist.xml; path = Info.plist; sourceTree = "<group>"; };
		E61150DF1AD4D43A007DB08B /* AppDelegate.swift */ = {isa = PBXFileReference; lastKnownFileType = sourcecode.swift; path = AppDelegate.swift; sourceTree = "<group>"; };
		E61150E11AD4D43A007DB08B /* ViewController.swift */ = {isa = PBXFileReference; lastKnownFileType = sourcecode.swift; path = ViewController.swift; sourceTree = "<group>"; };
		E61150E41AD4D43B007DB08B /* Base */ = {isa = PBXFileReference; lastKnownFileType = file.storyboard; name = Base; path = Base.lproj/Main.storyboard; sourceTree = "<group>"; };
		E61150E61AD4D43B007DB08B /* Images.xcassets */ = {isa = PBXFileReference; lastKnownFileType = folder.assetcatalog; path = Images.xcassets; sourceTree = "<group>"; };
		E61150E91AD4D43B007DB08B /* Base */ = {isa = PBXFileReference; lastKnownFileType = file.xib; name = Base; path = Base.lproj/LaunchScreen.xib; sourceTree = "<group>"; };
		E61150EF1AD4D43B007DB08B /* CalorieCountingAppTests.xctest */ = {isa = PBXFileReference; explicitFileType = wrapper.cfbundle; includeInIndex = 0; path = CalorieCountingAppTests.xctest; sourceTree = BUILT_PRODUCTS_DIR; };
		E61150F41AD4D43B007DB08B /* Info.plist */ = {isa = PBXFileReference; lastKnownFileType = text.plist.xml; path = Info.plist; sourceTree = "<group>"; };
		E61150F51AD4D43B007DB08B /* CalorieCountingAppTests.swift */ = {isa = PBXFileReference; lastKnownFileType = sourcecode.swift; path = CalorieCountingAppTests.swift; sourceTree = "<group>"; };
/* End PBXFileReference section */

/* Begin PBXFrameworksBuildPhase section */
		E61150D71AD4D43A007DB08B /* Frameworks */ = {
			isa = PBXFrameworksBuildPhase;
			buildActionMask = 2147483647;
			files = (
			);
			runOnlyForDeploymentPostprocessing = 0;
		};
		E61150EC1AD4D43B007DB08B /* Frameworks */ = {
			isa = PBXFrameworksBuildPhase;
			buildActionMask = 2147483647;
			files = (
			);
			runOnlyForDeploymentPostprocessing = 0;
		};
/* End PBXFrameworksBuildPhase section */

/* Begin PBXGroup section */
		E61150D11AD4D43A007DB08B = {
			isa = PBXGroup;
			children = (
				E61150DC1AD4D43A007DB08B /* CalorieCountingApp */,
				E61150F21AD4D43B007DB08B /* CalorieCountingAppTests */,
				E61150DB1AD4D43A007DB08B /* Products */,
			);
			sourceTree = "<group>";
		};
		E61150DB1AD4D43A007DB08B /* Products */ = {
			isa = PBXGroup;
			children = (
				E61150DA1AD4D43A007DB08B /* CalorieCountingApp.app */,
				E61150EF1AD4D43B007DB08B /* CalorieCountingAppTests.xctest */,
			);
			name = Products;
			sourceTree = "<group>";
		};
		E61150DC1AD4D43A007DB08B /* CalorieCountingApp */ = {
			isa = PBXGroup;
			children = (
				E61150DF1AD4D43A007DB08B /* AppDelegate.swift */,
				E61150E11AD4D43A007DB08B /* ViewController.swift */,
				E61150E31AD4D43B007DB08B /* Main.storyboard */,
				E61150E61AD4D43B007DB08B /* Images.xcassets */,
				E61150E81AD4D43B007DB08B /* LaunchScreen.xib */,
				E61150DD1AD4D43A007DB08B /* Supporting Files */,
			);
			path = CalorieCountingApp;
			sourceTree = "<group>";
		};
		E61150DD1AD4D43A007DB08B /* Supporting Files */ = {
			isa = PBXGroup;
			children = (
				E61150DE1AD4D43A007DB08B /* Info.plist */,
			);
			name = "Supporting Files";
			sourceTree = "<group>";
		};
		E61150F21AD4D43B007DB08B /* CalorieCountingAppTests */ = {
			isa = PBXGroup;
			children = (
				E61150F51AD4D43B007DB08B /* CalorieCountingAppTests.swift */,
				E61150F31AD4D43B007DB08B /* Supporting Files */,
			);
			path = CalorieCountingAppTests;
			sourceTree = "<group>";
		};
		E61150F31AD4D43B007DB08B /* Supporting Files */ = {
			isa = PBXGroup;
			children = (
				E61150F41AD4D43B007DB08B /* Info.plist */,
			);
			name = "Supporting Files";
			sourceTree = "<group>";
		};
/* End PBXGroup section */

/* Begin PBXNativeTarget section */
		E61150D91AD4D43A007DB08B /* CalorieCountingApp */ = {
			isa = PBXNativeTarget;
			buildConfigurationList = E61150F91AD4D43B007DB08B /* Build configuration list for PBXNativeTarget "CalorieCountingApp" */;
			buildPhases = (
				E61150D61AD4D43A007DB08B /* Sources */,
				E61150D71AD4D43A007DB08B /* Frameworks */,
				E61150D81AD4D43A007DB08B /* Resources */,
			);
			buildRules = (
			);
			dependencies = (
			);
			name = CalorieCountingApp;
			productName = CalorieCountingApp;
			productReference = E61150DA1AD4D43A007DB08B /* CalorieCountingApp.app */;
			productType = "com.apple.product-type.application";
		};
		E61150EE1AD4D43B007DB08B /* CalorieCountingAppTests */ = {
			isa = PBXNativeTarget;
			buildConfigurationList = E61150FC1AD4D43B007DB08B /* Build configuration list for PBXNativeTarget "CalorieCountingAppTests" */;
			buildPhases = (
				E61150EB1AD4D43B007DB08B /* Sources */,
				E61150EC1AD4D43B007DB08B /* Frameworks */,
				E61150ED1AD4D43B007DB08B /* Resources */,
			);
			buildRules = (
			);
			dependencies = (
				E61150F11AD4D43B007DB08B /* PBXTargetDependency */,
			);
			name = CalorieCountingAppTests;
			productName = CalorieCountingAppTests;
			productReference = E61150EF1AD4D43B007DB08B /* CalorieCountingAppTests.xctest */;
			productType = "com.apple.product-type.bundle.unit-test";
		};
/* End PBXNativeTarget section */

/* Begin PBXProject section */
		E61150D21AD4D43A007DB08B /* Project object */ = {
			isa = PBXProject;
			attributes = {
				LastUpgradeCheck = 0620;
				ORGANIZATIONNAME = Uberkraft;
				TargetAttributes = {
					E61150D91AD4D43A007DB08B = {
						CreatedOnToolsVersion = 6.2;
					};
					E61150EE1AD4D43B007DB08B = {
						CreatedOnToolsVersion = 6.2;
						TestTargetID = E61150D91AD4D43A007DB08B;
					};
				};
			};
			buildConfigurationList = E61150D51AD4D43A007DB08B /* Build configuration list for PBXProject "CalorieCountingApp" */;
			compatibilityVersion = "Xcode 3.2";
			developmentRegion = English;
			hasScannedForEncodings = 0;
			knownRegions = (
				en,
				Base,
			);
			mainGroup = E61150D11AD4D43A007DB08B;
			productRefGroup = E61150DB1AD4D43A007DB08B /* Products */;
			projectDirPath = "";
			projectRoot = "";
			targets = (
				E61150D91AD4D43A007DB08B /* CalorieCountingApp */,
				E61150EE1AD4D43B007DB08B /* CalorieCountingAppTests */,
			);
		};
/* End PBXProject section */

/* Begin PBXResourcesBuildPhase section */
		E61150D81AD4D43A007DB08B /* Resources */ = {
			isa = PBXResourcesBuildPhase;
			buildActionMask = 2147483647;
			files = (
				E61150E51AD4D43B007DB08B /* Main.storyboard in Resources */,
				E61150EA1AD4D43B007DB08B /* LaunchScreen.xib in Resources */,
				E61150E71AD4D43B007DB08B /* Images.xcassets in Resources */,
			);
			runOnlyForDeploymentPostprocessing = 0;
		};
		E61150ED1AD4D43B007DB08B /* Resources */ = {
			isa = PBXResourcesBuildPhase;
			buildActionMask = 2147483647;
			files = (
			);
			runOnlyForDeploymentPostprocessing = 0;
		};
/* End PBXResourcesBuildPhase section */

/* Begin PBXSourcesBuildPhase section */
		E61150D61AD4D43A007DB08B /* Sources */ = {
			isa = PBXSourcesBuildPhase;
			buildActionMask = 2147483647;
			files = (
				E61150E21AD4D43A007DB08B /* ViewController.swift in Sources */,
				E61150E01AD4D43A007DB08B /* AppDelegate.swift in Sources */,
			);
			runOnlyForDeploymentPostprocessing = 0;
		};
		E61150EB1AD4D43B007DB08B /* Sources */ = {
			isa = PBXSourcesBuildPhase;
			buildActionMask = 2147483647;
			files = (
				E61150F61AD4D43B007DB08B /* CalorieCountingAppTests.swift in Sources */,
			);
			runOnlyForDeploymentPostprocessing = 0;
		};
/* End PBXSourcesBuildPhase section */

/* Begin PBXTargetDependency section */
		E61150F11AD4D43B007DB08B /* PBXTargetDependency */ = {
			isa = PBXTargetDependency;
			target = E61150D91AD4D43A007DB08B /* CalorieCountingApp */;
			targetProxy = E61150F01AD4D43B007DB08B /* PBXContainerItemProxy */;
		};
/* End PBXTargetDependency section */

/* Begin PBXVariantGroup section */
		E61150E31AD4D43B007DB08B /* Main.storyboard */ = {
			isa = PBXVariantGroup;
			children = (
				E61150E41AD4D43B007DB08B /* Base */,
			);
			name = Main.storyboard;
			sourceTree = "<group>";
		};
		E61150E81AD4D43B007DB08B /* LaunchScreen.xib */ = {
			isa = PBXVariantGroup;
			children = (
				E61150E91AD4D43B007DB08B /* Base */,
			);
			name = LaunchScreen.xib;
			sourceTree = "<group>";
		};
/* End PBXVariantGroup section */

/* Begin XCBuildConfiguration section */
		E61150F71AD4D43B007DB08B /* Debug */ = {
			isa = XCBuildConfiguration;
			buildSettings = {
				ALWAYS_SEARCH_USER_PATHS = NO;
				CLANG_CXX_LANGUAGE_STANDARD = "gnu++0x";
				CLANG_CXX_LIBRARY = "libc++";
				CLANG_ENABLE_MODULES = YES;
				CLANG_ENABLE_OBJC_ARC = YES;
				CLANG_WARN_BOOL_CONVERSION = YES;
				CLANG_WARN_CONSTANT_CONVERSION = YES;
				CLANG_WARN_DIRECT_OBJC_ISA_USAGE = YES_ERROR;
				CLANG_WARN_EMPTY_BODY = YES;
				CLANG_WARN_ENUM_CONVERSION = YES;
				CLANG_WARN_INT_CONVERSION = YES;
				CLANG_WARN_OBJC_ROOT_CLASS = YES_ERROR;
				CLANG_WARN_UNREACHABLE_CODE = YES;
				CLANG_WARN__DUPLICATE_METHOD_MATCH = YES;
				"CODE_SIGN_IDENTITY[sdk=iphoneos*]" = "iPhone Developer";
				COPY_PHASE_STRIP = NO;
				ENABLE_STRICT_OBJC_MSGSEND = YES;
				GCC_C_LANGUAGE_STANDARD = gnu99;
				GCC_DYNAMIC_NO_PIC = NO;
				GCC_OPTIMIZATION_LEVEL = 0;
				GCC_PREPROCESSOR_DEFINITIONS = (
					"DEBUG=1",
					"$(inherited)",
				);
				GCC_SYMBOLS_PRIVATE_EXTERN = NO;
				GCC_WARN_64_TO_32_BIT_CONVERSION = YES;
				GCC_WARN_ABOUT_RETURN_TYPE = YES_ERROR;
				GCC_WARN_UNDECLARED_SELECTOR = YES;
				GCC_WARN_UNINITIALIZED_AUTOS = YES_AGGRESSIVE;
				GCC_WARN_UNUSED_FUNCTION = YES;
				GCC_WARN_UNUSED_VARIABLE = YES;
				IPHONEOS_DEPLOYMENT_TARGET = 8.2;
				MTL_ENABLE_DEBUG_INFO = YES;
				ONLY_ACTIVE_ARCH = YES;
				SDKROOT = iphoneos;
				SWIFT_OPTIMIZATION_LEVEL = "-Onone";
			};
			name = Debug;
		};
		E61150F81AD4D43B007DB08B /* Release */ = {
			isa = XCBuildConfiguration;
			buildSettings = {
				ALWAYS_SEARCH_USER_PATHS = NO;
				CLANG_CXX_LANGUAGE_STANDARD = "gnu++0x";
				CLANG_CXX_LIBRARY = "libc++";
				CLANG_ENABLE_MODULES = YES;
				CLANG_ENABLE_OBJC_ARC = YES;
				CLANG_WARN_BOOL_CONVERSION = YES;
				CLANG_WARN_CONSTANT_CONVERSION = YES;
				CLANG_WARN_DIRECT_OBJC_ISA_USAGE = YES_ERROR;
				CLANG_WARN_EMPTY_BODY = YES;
				CLANG_WARN_ENUM_CONVERSION = YES;
				CLANG_WARN_INT_CONVERSION = YES;
				CLANG_WARN_OBJC_ROOT_CLASS = YES_ERROR;
				CLANG_WARN_UNREACHABLE_CODE = YES;
				CLANG_WARN__DUPLICATE_METHOD_MATCH = YES;
				"CODE_SIGN_IDENTITY[sdk=iphoneos*]" = "iPhone Developer";
				COPY_PHASE_STRIP = NO;
				ENABLE_NS_ASSERTIONS = NO;
				ENABLE_STRICT_OBJC_MSGSEND = YES;
				GCC_C_LANGUAGE_STANDARD = gnu99;
				GCC_WARN_64_TO_32_BIT_CONVERSION = YES;
				GCC_WARN_ABOUT_RETURN_TYPE = YES_ERROR;
				GCC_WARN_UNDECLARED_SELECTOR = YES;
				GCC_WARN_UNINITIALIZED_AUTOS = YES_AGGRESSIVE;
				GCC_WARN_UNUSED_FUNCTION = YES;
				GCC_WARN_UNUSED_VARIABLE = YES;
				IPHONEOS_DEPLOYMENT_TARGET = 8.2;
				MTL_ENABLE_DEBUG_INFO = NO;
				SDKROOT = iphoneos;
				VALIDATE_PRODUCT = YES;
			};
			name = Release;
		};
		E61150FA1AD4D43B007DB08B /* Debug */ = {
			isa = XCBuildConfiguration;
			buildSettings = {
				ASSETCATALOG_COMPILER_APPICON_NAME = AppIcon;
				INFOPLIST_FILE = CalorieCountingApp/Info.plist;
				LD_RUNPATH_SEARCH_PATHS = "$(inherited) @executable_path/Frameworks";
				PRODUCT_NAME = "$(TARGET_NAME)";
			};
			name = Debug;
		};
		E61150FB1AD4D43B007DB08B /* Release */ = {
			isa = XCBuildConfiguration;
			buildSettings = {
				ASSETCATALOG_COMPILER_APPICON_NAME = AppIcon;
				INFOPLIST_FILE = CalorieCountingApp/Info.plist;
				LD_RUNPATH_SEARCH_PATHS = "$(inherited) @executable_path/Frameworks";
				PRODUCT_NAME = "$(TARGET_NAME)";
			};
			name = Release;
		};
		E61150FD1AD4D43B007DB08B /* Debug */ = {
			isa = XCBuildConfiguration;
			buildSettings = {
				BUNDLE_LOADER = "$(TEST_HOST)";
				FRAMEWORK_SEARCH_PATHS = (
					"$(SDKROOT)/Developer/Library/Frameworks",
					"$(inherited)",
				);
				GCC_PREPROCESSOR_DEFINITIONS = (
					"DEBUG=1",
					"$(inherited)",
				);
				INFOPLIST_FILE = CalorieCountingAppTests/Info.plist;
				LD_RUNPATH_SEARCH_PATHS = "$(inherited) @executable_path/Frameworks @loader_path/Frameworks";
				PRODUCT_NAME = "$(TARGET_NAME)";
				TEST_HOST = "$(BUILT_PRODUCTS_DIR)/CalorieCountingApp.app/CalorieCountingApp";
			};
			name = Debug;
		};
		E61150FE1AD4D43B007DB08B /* Release */ = {
			isa = XCBuildConfiguration;
			buildSettings = {
				BUNDLE_LOADER = "$(TEST_HOST)";
				FRAMEWORK_SEARCH_PATHS = (
					"$(SDKROOT)/Developer/Library/Frameworks",
					"$(inherited)",
				);
				INFOPLIST_FILE = CalorieCountingAppTests/Info.plist;
				LD_RUNPATH_SEARCH_PATHS = "$(inherited) @executable_path/Frameworks @loader_path/Frameworks";
				PRODUCT_NAME = "$(TARGET_NAME)";
				TEST_HOST = "$(BUILT_PRODUCTS_DIR)/CalorieCountingApp.app/CalorieCountingApp";
			};
			name = Release;
		};
/* End XCBuildConfiguration section */

/* Begin XCConfigurationList section */
		E61150D51AD4D43A007DB08B /* Build configuration list for PBXProject "CalorieCountingApp" */ = {
			isa = XCConfigurationList;
			buildConfigurations = (
				E61150F71AD4D43B007DB08B /* Debug */,
				E61150F81AD4D43B007DB08B /* Release */,
			);
			defaultConfigurationIsVisible = 0;
			defaultConfigurationName = Release;
		};
		E61150F91AD4D43B007DB08B /* Build configuration list for PBXNativeTarget "CalorieCountingApp" */ = {
			isa = XCConfigurationList;
			buildConfigurations = (
				E61150FA1AD4D43B007DB08B /* Debug */,
				E61150FB1AD4D43B007DB08B /* Release */,
			);
			defaultConfigurationIsVisible = 0;
		};
		E61150FC1AD4D43B007DB08B /* Build configuration list for PBXNativeTarget "CalorieCountingAppTests" */ = {
			isa = XCConfigurationList;
			buildConfigurations = (
				E61150FD1AD4D43B007DB08B /* Debug */,
				E61150FE1AD4D43B007DB08B /* Release */,
			);
			defaultConfigurationIsVisible = 0;
		};
/* End XCConfigurationList section */
	};
	rootObject = E61150D21AD4D43A007DB08B /* Project object */;
}
